// !$*UTF8*$!
{
	archiveVersion = 1;
	classes = {
	};
	objectVersion = 50;
	objects = {

/* Begin PBXBuildFile section */
		F80A7D28247D9BDD003A61BC /* AppDelegate.swift in Sources */ = {isa = PBXBuildFile; fileRef = F80A7D27247D9BDD003A61BC /* AppDelegate.swift */; };
		F80A7D2A247D9BDD003A61BC /* SceneDelegate.swift in Sources */ = {isa = PBXBuildFile; fileRef = F80A7D29247D9BDD003A61BC /* SceneDelegate.swift */; };
		F80A7D2C247D9BDD003A61BC /* ContentView.swift in Sources */ = {isa = PBXBuildFile; fileRef = F80A7D2B247D9BDD003A61BC /* ContentView.swift */; };
		F80A7D2E247D9BE2003A61BC /* Assets.xcassets in Resources */ = {isa = PBXBuildFile; fileRef = F80A7D2D247D9BE2003A61BC /* Assets.xcassets */; };
		F80A7D31247D9BE2003A61BC /* Preview Assets.xcassets in Resources */ = {isa = PBXBuildFile; fileRef = F80A7D30247D9BE2003A61BC /* Preview Assets.xcassets */; };
		F80A7D34247D9BE2003A61BC /* LaunchScreen.storyboard in Resources */ = {isa = PBXBuildFile; fileRef = F80A7D32247D9BE2003A61BC /* LaunchScreen.storyboard */; };
		F80A7D43247D9D7A003A61BC /* riseup.mp3 in Resources */ = {isa = PBXBuildFile; fileRef = F80A7D3B247D9D77003A61BC /* riseup.mp3 */; };
		F80A7D44247D9D7A003A61BC /* high-score.mp3 in Resources */ = {isa = PBXBuildFile; fileRef = F80A7D3C247D9D78003A61BC /* high-score.mp3 */; };
		F80A7D45247D9D7A003A61BC /* background-music.mp3 in Resources */ = {isa = PBXBuildFile; fileRef = F80A7D3D247D9D79003A61BC /* background-music.mp3 */; };
		F80A7D46247D9D7A003A61BC /* spin.mp3 in Resources */ = {isa = PBXBuildFile; fileRef = F80A7D3E247D9D79003A61BC /* spin.mp3 */; };
		F80A7D47247D9D7A003A61BC /* game-over.mp3 in Resources */ = {isa = PBXBuildFile; fileRef = F80A7D3F247D9D79003A61BC /* game-over.mp3 */; };
		F80A7D48247D9D7A003A61BC /* win.mp3 in Resources */ = {isa = PBXBuildFile; fileRef = F80A7D40247D9D7A003A61BC /* win.mp3 */; };
		F80A7D49247D9D7A003A61BC /* chimeup.mp3 in Resources */ = {isa = PBXBuildFile; fileRef = F80A7D41247D9D7A003A61BC /* chimeup.mp3 */; };
		F80A7D4A247D9D7A003A61BC /* casino-chips.mp3 in Resources */ = {isa = PBXBuildFile; fileRef = F80A7D42247D9D7A003A61BC /* casino-chips.mp3 */; };
		F8DA4EF2247DA2FD00F0F29E /* LogoView.swift in Sources */ = {isa = PBXBuildFile; fileRef = F8DA4EF1247DA2FD00F0F29E /* LogoView.swift */; };
		F8DA4EF4247DA36000F0F29E /* Modifiers.swift in Sources */ = {isa = PBXBuildFile; fileRef = F8DA4EF3247DA36000F0F29E /* Modifiers.swift */; };
		F8DA4EF6247DA79C00F0F29E /* Extensions.swift in Sources */ = {isa = PBXBuildFile; fileRef = F8DA4EF5247DA79C00F0F29E /* Extensions.swift */; };
/* End PBXBuildFile section */

/* Begin PBXFileReference section */
		F80A7D24247D9BDD003A61BC /* Slot Machine.app */ = {isa = PBXFileReference; explicitFileType = wrapper.application; includeInIndex = 0; path = "Slot Machine.app"; sourceTree = BUILT_PRODUCTS_DIR; };
		F80A7D27247D9BDD003A61BC /* AppDelegate.swift */ = {isa = PBXFileReference; lastKnownFileType = sourcecode.swift; path = AppDelegate.swift; sourceTree = "<group>"; };
		F80A7D29247D9BDD003A61BC /* SceneDelegate.swift */ = {isa = PBXFileReference; lastKnownFileType = sourcecode.swift; path = SceneDelegate.swift; sourceTree = "<group>"; };
		F80A7D2B247D9BDD003A61BC /* ContentView.swift */ = {isa = PBXFileReference; lastKnownFileType = sourcecode.swift; path = ContentView.swift; sourceTree = "<group>"; };
		F80A7D2D247D9BE2003A61BC /* Assets.xcassets */ = {isa = PBXFileReference; lastKnownFileType = folder.assetcatalog; path = Assets.xcassets; sourceTree = "<group>"; };
		F80A7D30247D9BE2003A61BC /* Preview Assets.xcassets */ = {isa = PBXFileReference; lastKnownFileType = folder.assetcatalog; path = "Preview Assets.xcassets"; sourceTree = "<group>"; };
		F80A7D33247D9BE2003A61BC /* Base */ = {isa = PBXFileReference; lastKnownFileType = file.storyboard; name = Base; path = Base.lproj/LaunchScreen.storyboard; sourceTree = "<group>"; };
		F80A7D35247D9BE2003A61BC /* Info.plist */ = {isa = PBXFileReference; lastKnownFileType = text.plist.xml; path = Info.plist; sourceTree = "<group>"; };
		F80A7D3B247D9D77003A61BC /* riseup.mp3 */ = {isa = PBXFileReference; lastKnownFileType = audio.mp3; path = riseup.mp3; sourceTree = "<group>"; };
		F80A7D3C247D9D78003A61BC /* high-score.mp3 */ = {isa = PBXFileReference; lastKnownFileType = audio.mp3; path = "high-score.mp3"; sourceTree = "<group>"; };
		F80A7D3D247D9D79003A61BC /* background-music.mp3 */ = {isa = PBXFileReference; lastKnownFileType = audio.mp3; path = "background-music.mp3"; sourceTree = "<group>"; };
		F80A7D3E247D9D79003A61BC /* spin.mp3 */ = {isa = PBXFileReference; lastKnownFileType = audio.mp3; path = spin.mp3; sourceTree = "<group>"; };
		F80A7D3F247D9D79003A61BC /* game-over.mp3 */ = {isa = PBXFileReference; lastKnownFileType = audio.mp3; path = "game-over.mp3"; sourceTree = "<group>"; };
		F80A7D40247D9D7A003A61BC /* win.mp3 */ = {isa = PBXFileReference; lastKnownFileType = audio.mp3; path = win.mp3; sourceTree = "<group>"; };
		F80A7D41247D9D7A003A61BC /* chimeup.mp3 */ = {isa = PBXFileReference; lastKnownFileType = audio.mp3; path = chimeup.mp3; sourceTree = "<group>"; };
		F80A7D42247D9D7A003A61BC /* casino-chips.mp3 */ = {isa = PBXFileReference; lastKnownFileType = audio.mp3; path = "casino-chips.mp3"; sourceTree = "<group>"; };
		F8DA4EF1247DA2FD00F0F29E /* LogoView.swift */ = {isa = PBXFileReference; lastKnownFileType = sourcecode.swift; path = LogoView.swift; sourceTree = "<group>"; };
		F8DA4EF3247DA36000F0F29E /* Modifiers.swift */ = {isa = PBXFileReference; lastKnownFileType = sourcecode.swift; path = Modifiers.swift; sourceTree = "<group>"; };
		F8DA4EF5247DA79C00F0F29E /* Extensions.swift */ = {isa = PBXFileReference; lastKnownFileType = sourcecode.swift; path = Extensions.swift; sourceTree = "<group>"; };
/* End PBXFileReference section */

/* Begin PBXFrameworksBuildPhase section */
		F80A7D21247D9BDD003A61BC /* Frameworks */ = {
			isa = PBXFrameworksBuildPhase;
			buildActionMask = 2147483647;
			files = (
			);
			runOnlyForDeploymentPostprocessing = 0;
		};
/* End PBXFrameworksBuildPhase section */

/* Begin PBXGroup section */
		F80A7D1B247D9BDD003A61BC = {
			isa = PBXGroup;
			children = (
				F80A7D26247D9BDD003A61BC /* Slot Machine */,
				F80A7D25247D9BDD003A61BC /* Products */,
			);
			sourceTree = "<group>";
		};
		F80A7D25247D9BDD003A61BC /* Products */ = {
			isa = PBXGroup;
			children = (
				F80A7D24247D9BDD003A61BC /* Slot Machine.app */,
			);
			name = Products;
			sourceTree = "<group>";
		};
		F80A7D26247D9BDD003A61BC /* Slot Machine */ = {
			isa = PBXGroup;
			children = (
				F80A7D4D247D9DA1003A61BC /* Helpers */,
				F80A7D4C247D9D97003A61BC /* Views */,
				F80A7D4B247D9D81003A61BC /* Sounds */,
				F80A7D27247D9BDD003A61BC /* AppDelegate.swift */,
				F80A7D29247D9BDD003A61BC /* SceneDelegate.swift */,
				F80A7D2D247D9BE2003A61BC /* Assets.xcassets */,
				F80A7D32247D9BE2003A61BC /* LaunchScreen.storyboard */,
				F80A7D35247D9BE2003A61BC /* Info.plist */,
				F80A7D2F247D9BE2003A61BC /* Preview Content */,
			);
			path = "Slot Machine";
			sourceTree = "<group>";
		};
		F80A7D2F247D9BE2003A61BC /* Preview Content */ = {
			isa = PBXGroup;
			children = (
				F80A7D30247D9BE2003A61BC /* Preview Assets.xcassets */,
			);
			path = "Preview Content";
			sourceTree = "<group>";
		};
		F80A7D4B247D9D81003A61BC /* Sounds */ = {
			isa = PBXGroup;
			children = (
				F80A7D3D247D9D79003A61BC /* background-music.mp3 */,
				F80A7D42247D9D7A003A61BC /* casino-chips.mp3 */,
				F80A7D41247D9D7A003A61BC /* chimeup.mp3 */,
				F80A7D3F247D9D79003A61BC /* game-over.mp3 */,
				F80A7D3C247D9D78003A61BC /* high-score.mp3 */,
				F80A7D3B247D9D77003A61BC /* riseup.mp3 */,
				F80A7D3E247D9D79003A61BC /* spin.mp3 */,
				F80A7D40247D9D7A003A61BC /* win.mp3 */,
			);
			path = Sounds;
			sourceTree = "<group>";
		};
		F80A7D4C247D9D97003A61BC /* Views */ = {
			isa = PBXGroup;
			children = (
				F80A7D2B247D9BDD003A61BC /* ContentView.swift */,
				F8DA4EF1247DA2FD00F0F29E /* LogoView.swift */,
			);
			path = Views;
			sourceTree = "<group>";
		};
		F80A7D4D247D9DA1003A61BC /* Helpers */ = {
			isa = PBXGroup;
			children = (
				F8DA4EF3247DA36000F0F29E /* Modifiers.swift */,
				F8DA4EF5247DA79C00F0F29E /* Extensions.swift */,
			);
			path = Helpers;
			sourceTree = "<group>";
		};
/* End PBXGroup section */

/* Begin PBXNativeTarget section */
		F80A7D23247D9BDD003A61BC /* Slot Machine */ = {
			isa = PBXNativeTarget;
			buildConfigurationList = F80A7D38247D9BE2003A61BC /* Build configuration list for PBXNativeTarget "Slot Machine" */;
			buildPhases = (
				F80A7D20247D9BDD003A61BC /* Sources */,
				F80A7D21247D9BDD003A61BC /* Frameworks */,
				F80A7D22247D9BDD003A61BC /* Resources */,
			);
			buildRules = (
			);
			dependencies = (
			);
			name = "Slot Machine";
			productName = "Slot Machine";
			productReference = F80A7D24247D9BDD003A61BC /* Slot Machine.app */;
			productType = "com.apple.product-type.application";
		};
/* End PBXNativeTarget section */

/* Begin PBXProject section */
		F80A7D1C247D9BDD003A61BC /* Project object */ = {
			isa = PBXProject;
			attributes = {
				LastSwiftUpdateCheck = 1150;
				LastUpgradeCheck = 1150;
				ORGANIZATIONNAME = "Daniel Vázquez";
				TargetAttributes = {
					F80A7D23247D9BDD003A61BC = {
						CreatedOnToolsVersion = 11.5;
					};
				};
			};
			buildConfigurationList = F80A7D1F247D9BDD003A61BC /* Build configuration list for PBXProject "Slot Machine" */;
			compatibilityVersion = "Xcode 9.3";
			developmentRegion = en;
			hasScannedForEncodings = 0;
			knownRegions = (
				en,
				Base,
			);
			mainGroup = F80A7D1B247D9BDD003A61BC;
			productRefGroup = F80A7D25247D9BDD003A61BC /* Products */;
			projectDirPath = "";
			projectRoot = "";
			targets = (
				F80A7D23247D9BDD003A61BC /* Slot Machine */,
			);
		};
/* End PBXProject section */

/* Begin PBXResourcesBuildPhase section */
		F80A7D22247D9BDD003A61BC /* Resources */ = {
			isa = PBXResourcesBuildPhase;
			buildActionMask = 2147483647;
			files = (
				F80A7D48247D9D7A003A61BC /* win.mp3 in Resources */,
				F80A7D44247D9D7A003A61BC /* high-score.mp3 in Resources */,
				F80A7D43247D9D7A003A61BC /* riseup.mp3 in Resources */,
				F80A7D34247D9BE2003A61BC /* LaunchScreen.storyboard in Resources */,
				F80A7D4A247D9D7A003A61BC /* casino-chips.mp3 in Resources */,
				F80A7D46247D9D7A003A61BC /* spin.mp3 in Resources */,
				F80A7D31247D9BE2003A61BC /* Preview Assets.xcassets in Resources */,
				F80A7D45247D9D7A003A61BC /* background-music.mp3 in Resources */,
				F80A7D47247D9D7A003A61BC /* game-over.mp3 in Resources */,
				F80A7D49247D9D7A003A61BC /* chimeup.mp3 in Resources */,
				F80A7D2E247D9BE2003A61BC /* Assets.xcassets in Resources */,
			);
			runOnlyForDeploymentPostprocessing = 0;
		};
/* End PBXResourcesBuildPhase section */

/* Begin PBXSourcesBuildPhase section */
		F80A7D20247D9BDD003A61BC /* Sources */ = {
			isa = PBXSourcesBuildPhase;
			buildActionMask = 2147483647;
			files = (
				F80A7D28247D9BDD003A61BC /* AppDelegate.swift in Sources */,
				F8DA4EF6247DA79C00F0F29E /* Extensions.swift in Sources */,
				F8DA4EF2247DA2FD00F0F29E /* LogoView.swift in Sources */,
				F80A7D2A247D9BDD003A61BC /* SceneDelegate.swift in Sources */,
				F80A7D2C247D9BDD003A61BC /* ContentView.swift in Sources */,
				F8DA4EF4247DA36000F0F29E /* Modifiers.swift in Sources */,
			);
			runOnlyForDeploymentPostprocessing = 0;
		};
/* End PBXSourcesBuildPhase section */

/* Begin PBXVariantGroup section */
		F80A7D32247D9BE2003A61BC /* LaunchScreen.storyboard */ = {
			isa = PBXVariantGroup;
			children = (
				F80A7D33247D9BE2003A61BC /* Base */,
			);
			name = LaunchScreen.storyboard;
			sourceTree = "<group>";
		};
/* End PBXVariantGroup section */

/* Begin XCBuildConfiguration section */
		F80A7D36247D9BE2003A61BC /* Debug */ = {
			isa = XCBuildConfiguration;
			buildSettings = {
				ALWAYS_SEARCH_USER_PATHS = NO;
				CLANG_ANALYZER_NONNULL = YES;
				CLANG_ANALYZER_NUMBER_OBJECT_CONVERSION = YES_AGGRESSIVE;
				CLANG_CXX_LANGUAGE_STANDARD = "gnu++14";
				CLANG_CXX_LIBRARY = "libc++";
				CLANG_ENABLE_MODULES = YES;
				CLANG_ENABLE_OBJC_ARC = YES;
				CLANG_ENABLE_OBJC_WEAK = YES;
				CLANG_WARN_BLOCK_CAPTURE_AUTORELEASING = YES;
				CLANG_WARN_BOOL_CONVERSION = YES;
				CLANG_WARN_COMMA = YES;
				CLANG_WARN_CONSTANT_CONVERSION = YES;
				CLANG_WARN_DEPRECATED_OBJC_IMPLEMENTATIONS = YES;
				CLANG_WARN_DIRECT_OBJC_ISA_USAGE = YES_ERROR;
				CLANG_WARN_DOCUMENTATION_COMMENTS = YES;
				CLANG_WARN_EMPTY_BODY = YES;
				CLANG_WARN_ENUM_CONVERSION = YES;
				CLANG_WARN_INFINITE_RECURSION = YES;
				CLANG_WARN_INT_CONVERSION = YES;
				CLANG_WARN_NON_LITERAL_NULL_CONVERSION = YES;
				CLANG_WARN_OBJC_IMPLICIT_RETAIN_SELF = YES;
				CLANG_WARN_OBJC_LITERAL_CONVERSION = YES;
				CLANG_WARN_OBJC_ROOT_CLASS = YES_ERROR;
				CLANG_WARN_RANGE_LOOP_ANALYSIS = YES;
				CLANG_WARN_STRICT_PROTOTYPES = YES;
				CLANG_WARN_SUSPICIOUS_MOVE = YES;
				CLANG_WARN_UNGUARDED_AVAILABILITY = YES_AGGRESSIVE;
				CLANG_WARN_UNREACHABLE_CODE = YES;
				CLANG_WARN__DUPLICATE_METHOD_MATCH = YES;
				COPY_PHASE_STRIP = NO;
				DEBUG_INFORMATION_FORMAT = dwarf;
				ENABLE_STRICT_OBJC_MSGSEND = YES;
				ENABLE_TESTABILITY = YES;
				GCC_C_LANGUAGE_STANDARD = gnu11;
				GCC_DYNAMIC_NO_PIC = NO;
				GCC_NO_COMMON_BLOCKS = YES;
				GCC_OPTIMIZATION_LEVEL = 0;
				GCC_PREPROCESSOR_DEFINITIONS = (
					"DEBUG=1",
					"$(inherited)",
				);
				GCC_WARN_64_TO_32_BIT_CONVERSION = YES;
				GCC_WARN_ABOUT_RETURN_TYPE = YES_ERROR;
				GCC_WARN_UNDECLARED_SELECTOR = YES;
				GCC_WARN_UNINITIALIZED_AUTOS = YES_AGGRESSIVE;
				GCC_WARN_UNUSED_FUNCTION = YES;
				GCC_WARN_UNUSED_VARIABLE = YES;
				IPHONEOS_DEPLOYMENT_TARGET = 13.5;
				MTL_ENABLE_DEBUG_INFO = INCLUDE_SOURCE;
				MTL_FAST_MATH = YES;
				ONLY_ACTIVE_ARCH = YES;
				SDKROOT = iphoneos;
				SWIFT_ACTIVE_COMPILATION_CONDITIONS = DEBUG;
				SWIFT_OPTIMIZATION_LEVEL = "-Onone";
			};
			name = Debug;
		};
		F80A7D37247D9BE2003A61BC /* Release */ = {
			isa = XCBuildConfiguration;
			buildSettings = {
				ALWAYS_SEARCH_USER_PATHS = NO;
				CLANG_ANALYZER_NONNULL = YES;
				CLANG_ANALYZER_NUMBER_OBJECT_CONVERSION = YES_AGGRESSIVE;
				CLANG_CXX_LANGUAGE_STANDARD = "gnu++14";
				CLANG_CXX_LIBRARY = "libc++";
				CLANG_ENABLE_MODULES = YES;
				CLANG_ENABLE_OBJC_ARC = YES;
				CLANG_ENABLE_OBJC_WEAK = YES;
				CLANG_WARN_BLOCK_CAPTURE_AUTORELEASING = YES;
				CLANG_WARN_BOOL_CONVERSION = YES;
				CLANG_WARN_COMMA = YES;
				CLANG_WARN_CONSTANT_CONVERSION = YES;
				CLANG_WARN_DEPRECATED_OBJC_IMPLEMENTATIONS = YES;
				CLANG_WARN_DIRECT_OBJC_ISA_USAGE = YES_ERROR;
				CLANG_WARN_DOCUMENTATION_COMMENTS = YES;
				CLANG_WARN_EMPTY_BODY = YES;
				CLANG_WARN_ENUM_CONVERSION = YES;
				CLANG_WARN_INFINITE_RECURSION = YES;
				CLANG_WARN_INT_CONVERSION = YES;
				CLANG_WARN_NON_LITERAL_NULL_CONVERSION = YES;
				CLANG_WARN_OBJC_IMPLICIT_RETAIN_SELF = YES;
				CLANG_WARN_OBJC_LITERAL_CONVERSION = YES;
				CLANG_WARN_OBJC_ROOT_CLASS = YES_ERROR;
				CLANG_WARN_RANGE_LOOP_ANALYSIS = YES;
				CLANG_WARN_STRICT_PROTOTYPES = YES;
				CLANG_WARN_SUSPICIOUS_MOVE = YES;
				CLANG_WARN_UNGUARDED_AVAILABILITY = YES_AGGRESSIVE;
				CLANG_WARN_UNREACHABLE_CODE = YES;
				CLANG_WARN__DUPLICATE_METHOD_MATCH = YES;
				COPY_PHASE_STRIP = NO;
				DEBUG_INFORMATION_FORMAT = "dwarf-with-dsym";
				ENABLE_NS_ASSERTIONS = NO;
				ENABLE_STRICT_OBJC_MSGSEND = YES;
				GCC_C_LANGUAGE_STANDARD = gnu11;
				GCC_NO_COMMON_BLOCKS = YES;
				GCC_WARN_64_TO_32_BIT_CONVERSION = YES;
				GCC_WARN_ABOUT_RETURN_TYPE = YES_ERROR;
				GCC_WARN_UNDECLARED_SELECTOR = YES;
				GCC_WARN_UNINITIALIZED_AUTOS = YES_AGGRESSIVE;
				GCC_WARN_UNUSED_FUNCTION = YES;
				GCC_WARN_UNUSED_VARIABLE = YES;
				IPHONEOS_DEPLOYMENT_TARGET = 13.5;
				MTL_ENABLE_DEBUG_INFO = NO;
				MTL_FAST_MATH = YES;
				SDKROOT = iphoneos;
				SWIFT_COMPILATION_MODE = wholemodule;
				SWIFT_OPTIMIZATION_LEVEL = "-O";
				VALIDATE_PRODUCT = YES;
			};
			name = Release;
		};
		F80A7D39247D9BE2003A61BC /* Debug */ = {
			isa = XCBuildConfiguration;
			buildSettings = {
				ASSETCATALOG_COMPILER_APPICON_NAME = AppIcon;
				CODE_SIGN_STYLE = Automatic;
				DEVELOPMENT_ASSET_PATHS = "\"Slot Machine/Preview Content\"";
				DEVELOPMENT_TEAM = N7U747L4JR;
				ENABLE_PREVIEWS = YES;
				INFOPLIST_FILE = "Slot Machine/Info.plist";
				LD_RUNPATH_SEARCH_PATHS = (
					"$(inherited)",
					"@executable_path/Frameworks",
				);
				PRODUCT_BUNDLE_IDENTIFIER = "com.app.slot.Slot-Machine";
				PRODUCT_NAME = "$(TARGET_NAME)";
				SWIFT_VERSION = 5.0;
				TARGETED_DEVICE_FAMILY = "1,2";
			};
			name = Debug;
		};
		F80A7D3A247D9BE2003A61BC /* Release */ = {
			isa = XCBuildConfiguration;
			buildSettings = {
				ASSETCATALOG_COMPILER_APPICON_NAME = AppIcon;
				CODE_SIGN_STYLE = Automatic;
				DEVELOPMENT_ASSET_PATHS = "\"Slot Machine/Preview Content\"";
				DEVELOPMENT_TEAM = N7U747L4JR;
				ENABLE_PREVIEWS = YES;
				INFOPLIST_FILE = "Slot Machine/Info.plist";
				LD_RUNPATH_SEARCH_PATHS = (
					"$(inherited)",
					"@executable_path/Frameworks",
				);
				PRODUCT_BUNDLE_IDENTIFIER = "com.app.slot.Slot-Machine";
				PRODUCT_NAME = "$(TARGET_NAME)";
				SWIFT_VERSION = 5.0;
				TARGETED_DEVICE_FAMILY = "1,2";
			};
			name = Release;
		};
/* End XCBuildConfiguration section */

/* Begin XCConfigurationList section */
		F80A7D1F247D9BDD003A61BC /* Build configuration list for PBXProject "Slot Machine" */ = {
			isa = XCConfigurationList;
			buildConfigurations = (
				F80A7D36247D9BE2003A61BC /* Debug */,
				F80A7D37247D9BE2003A61BC /* Release */,
			);
			defaultConfigurationIsVisible = 0;
			defaultConfigurationName = Release;
		};
		F80A7D38247D9BE2003A61BC /* Build configuration list for PBXNativeTarget "Slot Machine" */ = {
			isa = XCConfigurationList;
			buildConfigurations = (
				F80A7D39247D9BE2003A61BC /* Debug */,
				F80A7D3A247D9BE2003A61BC /* Release */,
			);
			defaultConfigurationIsVisible = 0;
			defaultConfigurationName = Release;
		};
/* End XCConfigurationList section */
	};
	rootObject = F80A7D1C247D9BDD003A61BC /* Project object */;
}
